
Microsoft Visual Studio Solution File, Format Version 12.00
# Visual Studio 15
VisualStudioVersion = 15.0.28307.852
MinimumVisualStudioVersion = 10.0.40219.1
Project("{FAE04EC0-301F-11D3-BF4B-00C04F79EFBC}") = "TranQuocVuong_22118776_Assignment01", "TranQuocVuong_22118776_Assignment01\TranQuocVuong_22118776_Assignment01.csproj", "{DBAD8E04-8019-4422-B2D3-14E57100BFCA}"
EndProject
Global
	GlobalSection(SolutionConfigurationPlatforms) = preSolution
		Debug|Any CPU = Debug|Any CPU
		Release|Any CPU = Release|Any CPU
	EndGlobalSection
	GlobalSection(ProjectConfigurationPlatforms) = postSolution
		{DBAD8E04-8019-4422-B2D3-14E57100BFCA}.Debug|Any CPU.ActiveCfg = Debug|Any CPU
		{DBAD8E04-8019-4422-B2D3-14E57100BFCA}.Debug|Any CPU.Build.0 = Debug|Any CPU
		{DBAD8E04-8019-4422-B2D3-14E57100BFCA}.Release|Any CPU.ActiveCfg = Release|Any CPU
		{DBAD8E04-8019-4422-B2D3-14E57100BFCA}.Release|Any CPU.Build.0 = Release|Any CPU
	EndGlobalSection
	GlobalSection(SolutionProperties) = preSolution
		HideSolutionNode = FALSE
	EndGlobalSection
	GlobalSection(ExtensibilityGlobals) = postSolution
		SolutionGuid = {52D76C6F-7B50-4867-B9E4-7D9115F75885}
	EndGlobalSection
EndGlobal
